{
  "name": "svelte-todo",
  "lockfileVersion": 2,
  "requires": true,
  "packages": {
    "": {
      "devDependencies": {
        "@tsconfig/svelte": "^4.0.0"
      }
    },
    "node_modules/@tsconfig/svelte": {
      "version": "4.0.0",
      "resolved": "https://registry.npmjs.org/@tsconfig/svelte/-/svelte-4.0.0.tgz",
      "integrity": "sha512-NlCBbTpDFz6Outgs8JoqdQls9xAWPJAnjRnkqa60GQymjiAE3gliwNZ5TohZF3w3cZ4x8wpe0Ow5Y9hs1EnDXA==",
      "dev": true
    }
  },
  "dependencies": {
    "@tsconfig/svelte": {
      "version": "4.0.0",
      "resolved": "https://registry.npmjs.org/@tsconfig/svelte/-/svelte-4.0.0.tgz",
      "integrity": "sha512-NlCBbTpDFz6Outgs8JoqdQls9xAWPJAnjRnkqa60GQymjiAE3gliwNZ5TohZF3w3cZ4x8wpe0Ow5Y9hs1EnDXA==",
      "dev": true
    }
  }
}
